PODS:
  - KalturaNetKit (1.3.0):
    - KalturaNetKit/Core (= 1.3.0)
  - KalturaNetKit/Core (1.3.0):
    - SwiftyJSON (= 4.3.0)
  - ObjcExceptionBridging (1.0.1):
    - ObjcExceptionBridging/ObjcExceptionBridging (= 1.0.1)
  - ObjcExceptionBridging/ObjcExceptionBridging (1.0.1)
  - PlayKit (3.16.0):
    - PlayKit/Core (= 3.16.0)
  - PlayKit/Core (3.16.0):
    - KalturaNetKit (~> 1.3)
    - PlayKitUtils (~> 0.4)
    - SwiftyJSON (= 4.3.0)
    - XCGLogger (= 7.0.0)
  - PlayKitUtils (0.4.0)
  - Sentry (4.4.0):
    - Sentry/Core (= 4.4.0)
  - Sentry/Core (4.4.0)
  - Starscream (3.1.0)
  - StreamrootSDK (3.17.0):
    - Sentry (= 4.4.0)
    - Starscream (= 3.1.0)
    - SwiftProtobuf (= 1.7.0)
  - SwiftProtobuf (1.7.0)
  - SwiftyJSON (4.3.0)
  - XCGLogger (7.0.0):
    - XCGLogger/Core (= 7.0.0)
  - XCGLogger/Core (7.0.0):
    - ObjcExceptionBridging

DEPENDENCIES:
  - PlayKit (~> 3.16.0)
  - StreamrootSDK

SPEC REPOS:
  https://github.com/CocoaPods/Specs.git:
    - KalturaNetKit
    - ObjcExceptionBridging
    - PlayKit
    - PlayKitUtils
    - Sentry
    - Starscream
    - StreamrootSDK
    - SwiftProtobuf
    - SwiftyJSON
    - XCGLogger

SPEC CHECKSUMS:
  KalturaNetKit: 638852ff98361e1421fd52035d3390e7ffbd4c8a
  ObjcExceptionBridging: c30e00eb3700467e695faeea30e26e18bd445001
  PlayKit: 90840c9a23b5be4d282c0172b880e6b101d3801e
  PlayKitUtils: 98bffe139cffe5cb1fe8fc757b58845c939caf67
  Sentry: 26650184fe71eb7476dfd2737acb5ea6cc64b4b1
  Starscream: 08172b481e145289c4930cb567230fb55897cfa4
  StreamrootSDK: 297bae5bd228acadb148c7ff89871919ab2bc86f
  SwiftProtobuf: 4fd9645e69b72cbae6ec8da5be0cdd20ca6565dd
  SwiftyJSON: 6faa0040f8b59dead0ee07436cbf76b73c08fd08
  XCGLogger: 0434f15e3909cdc450bb63faf638b8792ab782ab

PODFILE CHECKSUM: bc179b8f5c7a949e1669cc1de75383632e1f3544

COCOAPODS: 1.8.4
