PODS:
  - Sentry (4.4.0):
    - Sentry/Core (= 4.4.0)
  - Sentry/Core (4.4.0)
  - Starscream (3.1.0)
  - StreamrootSDK (3.17.0):
    - Sentry (= 4.4.0)
    - Starscream (= 3.1.0)
    - SwiftProtobuf (= 1.7.0)
  - SwiftProtobuf (1.7.0)

DEPENDENCIES:
  - Sentry
  - Starscream
  - StreamrootSDK
  - SwiftProtobuf

SPEC REPOS:
  trunk:
    - Sentry
    - Starscream
    - StreamrootSDK
    - SwiftProtobuf

SPEC CHECKSUMS:
  Sentry: 26650184fe71eb7476dfd2737acb5ea6cc64b4b1
  Starscream: 08172b481e145289c4930cb567230fb55897cfa4
  StreamrootSDK: 297bae5bd228acadb148c7ff89871919ab2bc86f
  SwiftProtobuf: 4fd9645e69b72cbae6ec8da5be0cdd20ca6565dd

PODFILE CHECKSUM: d3917ff7daa6c3a67dedbb32b049f47bd0142dc7

COCOAPODS: 1.8.4
