PODS:
  - AVPlayerDNAPlugin (1.1.14):
    - StreamrootSDK (~> 3.17.0)
  - Sentry (4.4.0):
    - Sentry/Core (= 4.4.0)
  - Sentry/Core (4.4.0)
  - Starscream (3.1.0)
  - StreamrootSDK (3.17.1):
    - Sentry (= 4.4.0)
    - Starscream (= 3.1.0)
    - SwiftProtobuf (= 1.7.0)
  - SwiftProtobuf (1.7.0)

DEPENDENCIES:
  - AVPlayerDNAPlugin

SPEC REPOS:
  trunk:
    - AVPlayerDNAPlugin
    - Sentry
    - Starscream
    - StreamrootSDK
    - SwiftProtobuf

SPEC CHECKSUMS:
  AVPlayerDNAPlugin: 7ee6f7ca30d9700aeb7153a9b94e3ec09912ecfa
  Sentry: 26650184fe71eb7476dfd2737acb5ea6cc64b4b1
  Starscream: 08172b481e145289c4930cb567230fb55897cfa4
  StreamrootSDK: 3a97933d31b67c36680e077ded3f070acd1f2275
  SwiftProtobuf: 4fd9645e69b72cbae6ec8da5be0cdd20ca6565dd

PODFILE CHECKSUM: 45b8e6bdff8daea2e4c11395d8f2d650bd551ea0

COCOAPODS: 1.8.4
