PODS:
  - KalturaNetKit (1.2.0):
    - KalturaNetKit/Core (= 1.2.0)
  - KalturaNetKit/Core (1.2.0):
    - SwiftyJSON (= 4.3.0)
  - ObjcExceptionBridging (1.0.1):
    - ObjcExceptionBridging/ObjcExceptionBridging (= 1.0.1)
  - ObjcExceptionBridging/ObjcExceptionBridging (1.0.1)
  - PlayKit (3.10.1-dev):
    - PlayKit/Core (= 3.10.1-dev)
  - PlayKit/AnalyticsCommon (3.10.1-dev):
    - PlayKit/Core
  - PlayKit/Core (3.10.1-dev):
    - KalturaNetKit (~> 1.2.0)
    - PlayKitUtils (~> 0.4.0)
    - SwiftyJSON (= 4.3.0)
    - XCGLogger (= 7.0.0)
  - PlayKitProviders (1.4.0):
    - KalturaNetKit
    - PlayKit/AnalyticsCommon
    - PlayKitUtils
    - SwiftyXMLParser (= 5.0.0)
  - PlayKitUtils (0.4.0)
  - Sentry (4.4.0):
    - Sentry/Core (= 4.4.0)
  - Sentry/Core (4.4.0)
  - Starscream (3.1.0)
  - StreamrootSDK (3.15.1):
    - Sentry (= 4.4.0)
    - Starscream (= 3.1.0)
    - SwiftProtobuf (= 1.6.0)
  - SwiftProtobuf (1.6.0)
  - SwiftyJSON (4.3.0)
  - SwiftyXMLParser (5.0.0)
  - XCGLogger (7.0.0):
    - XCGLogger/Core (= 7.0.0)
  - XCGLogger/Core (7.0.0):
    - ObjcExceptionBridging

DEPENDENCIES:
  - PlayKit (from `https://github.com/streamroot/playkit-ios`, branch `preferredForwardBufferDuration`)
  - PlayKitProviders
  - StreamrootSDK

SPEC REPOS:
  https://github.com/cocoapods/specs.git:
    - KalturaNetKit
    - ObjcExceptionBridging
    - PlayKitProviders
    - PlayKitUtils
    - Sentry
    - Starscream
    - StreamrootSDK
    - SwiftProtobuf
    - SwiftyJSON
    - SwiftyXMLParser
    - XCGLogger

EXTERNAL SOURCES:
  PlayKit:
    :branch: preferredForwardBufferDuration
    :git: https://github.com/streamroot/playkit-ios

CHECKOUT OPTIONS:
  PlayKit:
    :commit: 559f57c1f4a5c4fa81a9ed5ead6e709b09a5cc84
    :git: https://github.com/streamroot/playkit-ios

SPEC CHECKSUMS:
  KalturaNetKit: bd5a963f23f3917a059ac374406143fe2d29bf27
  ObjcExceptionBridging: c30e00eb3700467e695faeea30e26e18bd445001
  PlayKit: 46da5b32b306122fda6232547234d7fe9a3bb77b
  PlayKitProviders: 47acfb2a297b9ea01fa89539614b97e6ab95a1f0
  PlayKitUtils: 98bffe139cffe5cb1fe8fc757b58845c939caf67
  Sentry: 26650184fe71eb7476dfd2737acb5ea6cc64b4b1
  Starscream: 08172b481e145289c4930cb567230fb55897cfa4
  StreamrootSDK: 9c7616fe7ba17b921ed4d73d8b8a051027c22690
  SwiftProtobuf: e905ca1366405696411aaf174411c4b19c0ef73d
  SwiftyJSON: 6faa0040f8b59dead0ee07436cbf76b73c08fd08
  SwiftyXMLParser: 5ebb8793192f403fa8cc691045143906122a7a75
  XCGLogger: 0434f15e3909cdc450bb63faf638b8792ab782ab

PODFILE CHECKSUM: 4bc3f170f7a07b8e301ff9a082ef942b7711cae9

COCOAPODS: 1.7.5
