PODS:
  - AVPlayerDNAPlugin (1.1.2):
    - StreamrootSDK (~> 3.7.0)
  - Sentry (4.1.1):
    - Sentry/Core (= 4.1.1)
  - Sentry/Core (4.1.1)
  - Starscream (3.0.6)
  - StreamrootSDK (3.7.0):
    - Sentry (= 4.1.1)
    - Starscream (= 3.0.6)
    - SwiftProtobuf (= 1.2)
  - SwiftProtobuf (1.2.0)

DEPENDENCIES:
  - AVPlayerDNAPlugin

SPEC REPOS:
  https://github.com/cocoapods/specs.git:
    - AVPlayerDNAPlugin
    - Sentry
    - Starscream
    - StreamrootSDK
    - SwiftProtobuf

SPEC CHECKSUMS:
  AVPlayerDNAPlugin: 31b164bafa8dd890668ad5edad6eccdc5b3aaf14
  Sentry: c9d0543c7223ddec036027f4c7391ea057ba9856
  Starscream: ef3ece99d765eeccb67de105bfa143f929026cf5
  StreamrootSDK: 1df0655ea961e1111fd54e7fcc1aee5e04239d0e
  SwiftProtobuf: 91a9856079044ef4ec762b2344c763cd9e5a73c1

PODFILE CHECKSUM: 4722a6c814d29ab755b8dc71dc95bb8c3d5ad8b6

COCOAPODS: 1.5.3
