PODS:
  - Brightcove-Player-Core/dynamic (6.4.5)
  - Sentry (4.4.0):
    - Sentry/Core (= 4.4.0)
  - Sentry/Core (4.4.0)
  - Starscream (3.1.0)
  - StreamrootSDK (3.15.1):
    - Sentry (= 4.4.0)
    - Starscream (= 3.1.0)
    - SwiftProtobuf (= 1.6.0)
  - SwiftProtobuf (1.6.0)

DEPENDENCIES:
  - Brightcove-Player-Core/dynamic
  - StreamrootSDK

SPEC REPOS:
  https://github.com/brightcove/BrightcoveSpecs.git:
    - Brightcove-Player-Core
  https://github.com/cocoapods/specs.git:
    - Sentry
    - Starscream
    - StreamrootSDK
    - SwiftProtobuf

SPEC CHECKSUMS:
  Brightcove-Player-Core: bcd099cdc27a807ae23fcf22ecfb1eb52c72980c
  Sentry: 26650184fe71eb7476dfd2737acb5ea6cc64b4b1
  Starscream: 08172b481e145289c4930cb567230fb55897cfa4
  StreamrootSDK: 9c7616fe7ba17b921ed4d73d8b8a051027c22690
  SwiftProtobuf: e905ca1366405696411aaf174411c4b19c0ef73d

PODFILE CHECKSUM: b53b13a593ea492bf144078fdb41dec72e794e60

COCOAPODS: 1.7.5
