// !$*UTF8*$!
{
	archiveVersion = 1;
	classes = {
	};
	objectVersion = 46;
	objects = {

/* Begin PBXBuildFile section */
		50F1DEAF1E687C0E00B59D4B /* AppDelegate.swift in Sources */ = {isa = PBXBuildFile; fileRef = 50F1DEAE1E687C0E00B59D4B /* AppDelegate.swift */; };
		50F1DEB11E687C0E00B59D4B /* SwiftSampleViewController.swift in Sources */ = {isa = PBXBuildFile; fileRef = 50F1DEB01E687C0E00B59D4B /* SwiftSampleViewController.swift */; };
		50F1DEB41E687C0E00B59D4B /* Main.storyboard in Resources */ = {isa = PBXBuildFile; fileRef = 50F1DEB21E687C0E00B59D4B /* Main.storyboard */; };
		50F1DEB61E687C0E00B59D4B /* Assets.xcassets in Resources */ = {isa = PBXBuildFile; fileRef = 50F1DEB51E687C0E00B59D4B /* Assets.xcassets */; };
		50F1DEB91E687C0E00B59D4B /* LaunchScreen.storyboard in Resources */ = {isa = PBXBuildFile; fileRef = 50F1DEB71E687C0E00B59D4B /* LaunchScreen.storyboard */; };
		D6087577219079F50034CB62 /* SwiftPluginSampleViewController.swift in Sources */ = {isa = PBXBuildFile; fileRef = D6087576219079F50034CB62 /* SwiftPluginSampleViewController.swift */; };
		D61171C2209B06F100CBE36B /* ObjCSampleViewController.m in Sources */ = {isa = PBXBuildFile; fileRef = D61171C0209B06F000CBE36B /* ObjCSampleViewController.m */; };
		D61171CE209B200900CBE36B /* MainViewController.swift in Sources */ = {isa = PBXBuildFile; fileRef = D61171CD209B200900CBE36B /* MainViewController.swift */; };
		D61171F2209B3FAD00CBE36B /* Assets.xcassets in Resources */ = {isa = PBXBuildFile; fileRef = D61171F1209B3FAD00CBE36B /* Assets.xcassets */; };
		D61171F8209B3FC600CBE36B /* ObjCSampleViewController.m in Sources */ = {isa = PBXBuildFile; fileRef = D61171C0209B06F000CBE36B /* ObjCSampleViewController.m */; };
		D61171F9209B3FC900CBE36B /* SwiftSampleViewController.swift in Sources */ = {isa = PBXBuildFile; fileRef = 50F1DEB01E687C0E00B59D4B /* SwiftSampleViewController.swift */; };
		D61171FA209B3FD000CBE36B /* MainViewController.swift in Sources */ = {isa = PBXBuildFile; fileRef = D61171CD209B200900CBE36B /* MainViewController.swift */; };
		D6117204209B41A700CBE36B /* AppDelegate.swift in Sources */ = {isa = PBXBuildFile; fileRef = 50F1DEAE1E687C0E00B59D4B /* AppDelegate.swift */; };
		D6117205209B41BD00CBE36B /* Main.storyboard in Resources */ = {isa = PBXBuildFile; fileRef = D61171EE209B3FAB00CBE36B /* Main.storyboard */; };
		D62DA01D21AFE7D600503262 /* Sentry.framework in Frameworks */ = {isa = PBXBuildFile; fileRef = D62DA01821AFE7D500503262 /* Sentry.framework */; };
		D62DA01E21AFE7D600503262 /* Starscream.framework in Frameworks */ = {isa = PBXBuildFile; fileRef = D62DA01921AFE7D500503262 /* Starscream.framework */; };
		D62DA02021AFE7D600503262 /* StreamrootSDK.framework in Frameworks */ = {isa = PBXBuildFile; fileRef = D62DA01B21AFE7D500503262 /* StreamrootSDK.framework */; };
		D62DA02121AFE7D600503262 /* SwiftProtobuf.framework in Frameworks */ = {isa = PBXBuildFile; fileRef = D62DA01C21AFE7D500503262 /* SwiftProtobuf.framework */; };
		D62DA02421AFE99500503262 /* AVPlayerDNAPlugin.framework in Frameworks */ = {isa = PBXBuildFile; fileRef = D62DA01A21AFE7D500503262 /* AVPlayerDNAPlugin.framework */; };
		D62DA02A21AFF04000503262 /* Sentry.framework in Frameworks */ = {isa = PBXBuildFile; fileRef = D62DA02521AFF04000503262 /* Sentry.framework */; };
		D62DA02B21AFF04000503262 /* SwiftProtobuf.framework in Frameworks */ = {isa = PBXBuildFile; fileRef = D62DA02621AFF04000503262 /* SwiftProtobuf.framework */; };
		D62DA02C21AFF04000503262 /* AVPlayerDNAPlugin.framework in Frameworks */ = {isa = PBXBuildFile; fileRef = D62DA02721AFF04000503262 /* AVPlayerDNAPlugin.framework */; };
		D62DA02D21AFF04000503262 /* StreamrootSDK.framework in Frameworks */ = {isa = PBXBuildFile; fileRef = D62DA02821AFF04000503262 /* StreamrootSDK.framework */; };
		D62DA02E21AFF04000503262 /* Starscream.framework in Frameworks */ = {isa = PBXBuildFile; fileRef = D62DA02921AFF04000503262 /* Starscream.framework */; };
/* End PBXBuildFile section */

/* Begin PBXCopyFilesBuildPhase section */
		D62DA02221AFE80700503262 /* CopyFiles */ = {
			isa = PBXCopyFilesBuildPhase;
			buildActionMask = 2147483647;
			dstPath = "";
			dstSubfolderSpec = 7;
			files = (
			);
			runOnlyForDeploymentPostprocessing = 0;
		};
/* End PBXCopyFilesBuildPhase section */

/* Begin PBXFileReference section */
		50F1DEAB1E687C0E00B59D4B /* DnaSample-iOS.app */ = {isa = PBXFileReference; explicitFileType = wrapper.application; includeInIndex = 0; path = "DnaSample-iOS.app"; sourceTree = BUILT_PRODUCTS_DIR; };
		50F1DEAE1E687C0E00B59D4B /* AppDelegate.swift */ = {isa = PBXFileReference; lastKnownFileType = sourcecode.swift; path = AppDelegate.swift; sourceTree = "<group>"; };
		50F1DEB01E687C0E00B59D4B /* SwiftSampleViewController.swift */ = {isa = PBXFileReference; lastKnownFileType = sourcecode.swift; path = SwiftSampleViewController.swift; sourceTree = "<group>"; };
		50F1DEB31E687C0E00B59D4B /* Base */ = {isa = PBXFileReference; lastKnownFileType = file.storyboard; name = Base; path = Base.lproj/Main.storyboard; sourceTree = "<group>"; };
		50F1DEB51E687C0E00B59D4B /* Assets.xcassets */ = {isa = PBXFileReference; lastKnownFileType = folder.assetcatalog; path = Assets.xcassets; sourceTree = "<group>"; };
		50F1DEB81E687C0E00B59D4B /* Base */ = {isa = PBXFileReference; lastKnownFileType = file.storyboard; name = Base; path = Base.lproj/LaunchScreen.storyboard; sourceTree = "<group>"; };
		50F1DEBA1E687C0E00B59D4B /* Info.plist */ = {isa = PBXFileReference; lastKnownFileType = text.plist.xml; path = Info.plist; sourceTree = "<group>"; };
		D6087576219079F50034CB62 /* SwiftPluginSampleViewController.swift */ = {isa = PBXFileReference; lastKnownFileType = sourcecode.swift; path = SwiftPluginSampleViewController.swift; sourceTree = "<group>"; };
		D61171BF209B06F000CBE36B /* DnaSample-Bridging-Header.h */ = {isa = PBXFileReference; lastKnownFileType = sourcecode.c.h; path = "DnaSample-Bridging-Header.h"; sourceTree = "<group>"; };
		D61171C0209B06F000CBE36B /* ObjCSampleViewController.m */ = {isa = PBXFileReference; fileEncoding = 4; lastKnownFileType = sourcecode.c.objc; path = ObjCSampleViewController.m; sourceTree = "<group>"; };
		D61171C1209B06F100CBE36B /* ObjCSampleViewController.h */ = {isa = PBXFileReference; fileEncoding = 4; lastKnownFileType = sourcecode.c.h; path = ObjCSampleViewController.h; sourceTree = "<group>"; };
		D61171CD209B200900CBE36B /* MainViewController.swift */ = {isa = PBXFileReference; lastKnownFileType = sourcecode.swift; path = MainViewController.swift; sourceTree = "<group>"; };
		D61171E8209B3FAB00CBE36B /* DnaSample-tvOS.app */ = {isa = PBXFileReference; explicitFileType = wrapper.application; includeInIndex = 0; path = "DnaSample-tvOS.app"; sourceTree = BUILT_PRODUCTS_DIR; };
		D61171EA209B3FAB00CBE36B /* AppDelegate.swift */ = {isa = PBXFileReference; lastKnownFileType = sourcecode.swift; path = AppDelegate.swift; sourceTree = "<group>"; };
		D61171EF209B3FAB00CBE36B /* Base */ = {isa = PBXFileReference; lastKnownFileType = file.storyboard; name = Base; path = Base.lproj/Main.storyboard; sourceTree = "<group>"; };
		D61171F1209B3FAD00CBE36B /* Assets.xcassets */ = {isa = PBXFileReference; lastKnownFileType = folder.assetcatalog; path = Assets.xcassets; sourceTree = "<group>"; };
		D61171F3209B3FAD00CBE36B /* Info.plist */ = {isa = PBXFileReference; lastKnownFileType = text.plist.xml; path = Info.plist; sourceTree = "<group>"; };
		D62DA01821AFE7D500503262 /* Sentry.framework */ = {isa = PBXFileReference; lastKnownFileType = wrapper.framework; name = Sentry.framework; path = Carthage/Build/tvOS/Sentry.framework; sourceTree = "<group>"; };
		D62DA01921AFE7D500503262 /* Starscream.framework */ = {isa = PBXFileReference; lastKnownFileType = wrapper.framework; name = Starscream.framework; path = Carthage/Build/tvOS/Starscream.framework; sourceTree = "<group>"; };
		D62DA01A21AFE7D500503262 /* AVPlayerDNAPlugin.framework */ = {isa = PBXFileReference; lastKnownFileType = wrapper.framework; name = AVPlayerDNAPlugin.framework; path = Carthage/Build/tvOS/AVPlayerDNAPlugin.framework; sourceTree = "<group>"; };
		D62DA01B21AFE7D500503262 /* StreamrootSDK.framework */ = {isa = PBXFileReference; lastKnownFileType = wrapper.framework; name = StreamrootSDK.framework; path = Carthage/Build/tvOS/StreamrootSDK.framework; sourceTree = "<group>"; };
		D62DA01C21AFE7D500503262 /* SwiftProtobuf.framework */ = {isa = PBXFileReference; lastKnownFileType = wrapper.framework; name = SwiftProtobuf.framework; path = Carthage/Build/tvOS/SwiftProtobuf.framework; sourceTree = "<group>"; };
		D62DA02521AFF04000503262 /* Sentry.framework */ = {isa = PBXFileReference; lastKnownFileType = wrapper.framework; name = Sentry.framework; path = Carthage/Build/iOS/Sentry.framework; sourceTree = "<group>"; };
		D62DA02621AFF04000503262 /* SwiftProtobuf.framework */ = {isa = PBXFileReference; lastKnownFileType = wrapper.framework; name = SwiftProtobuf.framework; path = Carthage/Build/iOS/SwiftProtobuf.framework; sourceTree = "<group>"; };
		D62DA02721AFF04000503262 /* AVPlayerDNAPlugin.framework */ = {isa = PBXFileReference; lastKnownFileType = wrapper.framework; name = AVPlayerDNAPlugin.framework; path = Carthage/Build/iOS/AVPlayerDNAPlugin.framework; sourceTree = "<group>"; };
		D62DA02821AFF04000503262 /* StreamrootSDK.framework */ = {isa = PBXFileReference; lastKnownFileType = wrapper.framework; name = StreamrootSDK.framework; path = Carthage/Build/iOS/StreamrootSDK.framework; sourceTree = "<group>"; };
		D62DA02921AFF04000503262 /* Starscream.framework */ = {isa = PBXFileReference; lastKnownFileType = wrapper.framework; name = Starscream.framework; path = Carthage/Build/iOS/Starscream.framework; sourceTree = "<group>"; };
/* End PBXFileReference section */

/* Begin PBXFrameworksBuildPhase section */
		50F1DEA81E687C0E00B59D4B /* Frameworks */ = {
			isa = PBXFrameworksBuildPhase;
			buildActionMask = 2147483647;
			files = (
				D62DA02A21AFF04000503262 /* Sentry.framework in Frameworks */,
				D62DA02B21AFF04000503262 /* SwiftProtobuf.framework in Frameworks */,
				D62DA02C21AFF04000503262 /* AVPlayerDNAPlugin.framework in Frameworks */,
				D62DA02D21AFF04000503262 /* StreamrootSDK.framework in Frameworks */,
				D62DA02E21AFF04000503262 /* Starscream.framework in Frameworks */,
			);
			runOnlyForDeploymentPostprocessing = 0;
		};
		D61171E5209B3FAB00CBE36B /* Frameworks */ = {
			isa = PBXFrameworksBuildPhase;
			buildActionMask = 2147483647;
			files = (
				D62DA02421AFE99500503262 /* AVPlayerDNAPlugin.framework in Frameworks */,
				D62DA01D21AFE7D600503262 /* Sentry.framework in Frameworks */,
				D62DA01E21AFE7D600503262 /* Starscream.framework in Frameworks */,
				D62DA02021AFE7D600503262 /* StreamrootSDK.framework in Frameworks */,
				D62DA02121AFE7D600503262 /* SwiftProtobuf.framework in Frameworks */,
			);
			runOnlyForDeploymentPostprocessing = 0;
		};
/* End PBXFrameworksBuildPhase section */

/* Begin PBXGroup section */
		50F1DEA21E687C0E00B59D4B = {
			isa = PBXGroup;
			children = (
				50F1DEAD1E687C0E00B59D4B /* DnaSample */,
				D61171E9209B3FAB00CBE36B /* DnaSample-tvOS */,
				50F1DEAC1E687C0E00B59D4B /* Products */,
				D62DA01721AFE7D500503262 /* Frameworks */,
			);
			sourceTree = "<group>";
		};
		50F1DEAC1E687C0E00B59D4B /* Products */ = {
			isa = PBXGroup;
			children = (
				50F1DEAB1E687C0E00B59D4B /* DnaSample-iOS.app */,
				D61171E8209B3FAB00CBE36B /* DnaSample-tvOS.app */,
			);
			name = Products;
			sourceTree = "<group>";
		};
		50F1DEAD1E687C0E00B59D4B /* DnaSample */ = {
			isa = PBXGroup;
			children = (
				D61171C3209B072300CBE36B /* ObjC */,
				50F1DEAE1E687C0E00B59D4B /* AppDelegate.swift */,
				D61171C4209B072F00CBE36B /* Swift */,
				50F1DEB21E687C0E00B59D4B /* Main.storyboard */,
				50F1DEB51E687C0E00B59D4B /* Assets.xcassets */,
				50F1DEB71E687C0E00B59D4B /* LaunchScreen.storyboard */,
				50F1DEBA1E687C0E00B59D4B /* Info.plist */,
				D61171BF209B06F000CBE36B /* DnaSample-Bridging-Header.h */,
				D61171CD209B200900CBE36B /* MainViewController.swift */,
			);
			path = DnaSample;
			sourceTree = "<group>";
		};
		D61171C3209B072300CBE36B /* ObjC */ = {
			isa = PBXGroup;
			children = (
				D61171C1209B06F100CBE36B /* ObjCSampleViewController.h */,
				D61171C0209B06F000CBE36B /* ObjCSampleViewController.m */,
			);
			path = ObjC;
			sourceTree = "<group>";
		};
		D61171C4209B072F00CBE36B /* Swift */ = {
			isa = PBXGroup;
			children = (
				50F1DEB01E687C0E00B59D4B /* SwiftSampleViewController.swift */,
				D6087576219079F50034CB62 /* SwiftPluginSampleViewController.swift */,
			);
			path = Swift;
			sourceTree = "<group>";
		};
		D61171E9209B3FAB00CBE36B /* DnaSample-tvOS */ = {
			isa = PBXGroup;
			children = (
				D61171EA209B3FAB00CBE36B /* AppDelegate.swift */,
				D61171EE209B3FAB00CBE36B /* Main.storyboard */,
				D61171F1209B3FAD00CBE36B /* Assets.xcassets */,
				D61171F3209B3FAD00CBE36B /* Info.plist */,
			);
			path = "DnaSample-tvOS";
			sourceTree = "<group>";
		};
		D62DA01721AFE7D500503262 /* Frameworks */ = {
			isa = PBXGroup;
			children = (
				D62DA02721AFF04000503262 /* AVPlayerDNAPlugin.framework */,
				D62DA02521AFF04000503262 /* Sentry.framework */,
				D62DA02921AFF04000503262 /* Starscream.framework */,
				D62DA02821AFF04000503262 /* StreamrootSDK.framework */,
				D62DA02621AFF04000503262 /* SwiftProtobuf.framework */,
				D62DA01A21AFE7D500503262 /* AVPlayerDNAPlugin.framework */,
				D62DA01821AFE7D500503262 /* Sentry.framework */,
				D62DA01921AFE7D500503262 /* Starscream.framework */,
				D62DA01B21AFE7D500503262 /* StreamrootSDK.framework */,
				D62DA01C21AFE7D500503262 /* SwiftProtobuf.framework */,
			);
			name = Frameworks;
			sourceTree = "<group>";
		};
/* End PBXGroup section */

/* Begin PBXNativeTarget section */
		50F1DEAA1E687C0E00B59D4B /* DnaSample-iOS */ = {
			isa = PBXNativeTarget;
			buildConfigurationList = 50F1DEBD1E687C0E00B59D4B /* Build configuration list for PBXNativeTarget "DnaSample-iOS" */;
			buildPhases = (
				50F1DEA71E687C0E00B59D4B /* Sources */,
				50F1DEA81E687C0E00B59D4B /* Frameworks */,
				50F1DEA91E687C0E00B59D4B /* Resources */,
				D62DA02F21AFF05500503262 /* ShellScript */,
			);
			buildRules = (
			);
			dependencies = (
			);
			name = "DnaSample-iOS";
			productName = SwiftDemo;
			productReference = 50F1DEAB1E687C0E00B59D4B /* DnaSample-iOS.app */;
			productType = "com.apple.product-type.application";
		};
		D61171E7209B3FAB00CBE36B /* DnaSample-tvOS */ = {
			isa = PBXNativeTarget;
			buildConfigurationList = D61171F6209B3FAD00CBE36B /* Build configuration list for PBXNativeTarget "DnaSample-tvOS" */;
			buildPhases = (
				D61171E4209B3FAB00CBE36B /* Sources */,
				D61171E6209B3FAB00CBE36B /* Resources */,
				D61171E5209B3FAB00CBE36B /* Frameworks */,
				D62DA02221AFE80700503262 /* CopyFiles */,
				D62DA02321AFE81100503262 /* ShellScript */,
			);
			buildRules = (
			);
			dependencies = (
			);
			name = "DnaSample-tvOS";
			productName = "DnaSample-tvOS";
			productReference = D61171E8209B3FAB00CBE36B /* DnaSample-tvOS.app */;
			productType = "com.apple.product-type.application";
		};
/* End PBXNativeTarget section */

/* Begin PBXProject section */
		50F1DEA31E687C0E00B59D4B /* Project object */ = {
			isa = PBXProject;
			attributes = {
				LastSwiftUpdateCheck = 0930;
				LastUpgradeCheck = 0930;
				ORGANIZATIONNAME = Streamroot;
				TargetAttributes = {
					50F1DEAA1E687C0E00B59D4B = {
						CreatedOnToolsVersion = 8.2.1;
						LastSwiftMigration = 1000;
						ProvisioningStyle = Manual;
					};
					D61171E7209B3FAB00CBE36B = {
						CreatedOnToolsVersion = 9.3;
						LastSwiftMigration = 1000;
						ProvisioningStyle = Manual;
					};
				};
			};
			buildConfigurationList = 50F1DEA61E687C0E00B59D4B /* Build configuration list for PBXProject "DnaSample" */;
			compatibilityVersion = "Xcode 3.2";
			developmentRegion = English;
			hasScannedForEncodings = 0;
			knownRegions = (
				en,
				Base,
			);
			mainGroup = 50F1DEA21E687C0E00B59D4B;
			productRefGroup = 50F1DEAC1E687C0E00B59D4B /* Products */;
			projectDirPath = "";
			projectRoot = "";
			targets = (
				50F1DEAA1E687C0E00B59D4B /* DnaSample-iOS */,
				D61171E7209B3FAB00CBE36B /* DnaSample-tvOS */,
			);
		};
/* End PBXProject section */

/* Begin PBXResourcesBuildPhase section */
		50F1DEA91E687C0E00B59D4B /* Resources */ = {
			isa = PBXResourcesBuildPhase;
			buildActionMask = 2147483647;
			files = (
				50F1DEB91E687C0E00B59D4B /* LaunchScreen.storyboard in Resources */,
				50F1DEB61E687C0E00B59D4B /* Assets.xcassets in Resources */,
				50F1DEB41E687C0E00B59D4B /* Main.storyboard in Resources */,
			);
			runOnlyForDeploymentPostprocessing = 0;
		};
		D61171E6209B3FAB00CBE36B /* Resources */ = {
			isa = PBXResourcesBuildPhase;
			buildActionMask = 2147483647;
			files = (
				D61171F2209B3FAD00CBE36B /* Assets.xcassets in Resources */,
				D6117205209B41BD00CBE36B /* Main.storyboard in Resources */,
			);
			runOnlyForDeploymentPostprocessing = 0;
		};
/* End PBXResourcesBuildPhase section */

/* Begin PBXShellScriptBuildPhase section */
		D62DA02321AFE81100503262 /* ShellScript */ = {
			isa = PBXShellScriptBuildPhase;
			buildActionMask = 2147483647;
			files = (
			);
			inputFileListPaths = (
			);
			inputPaths = (
				"$(SRCROOT)/Carthage/Build/tvOS/AVPlayerDNAPlugin.framework",
				"$(SRCROOT)/Carthage/Build/tvOS/Sentry.framework",
				"$(SRCROOT)/Carthage/Build/tvOS/StreamrootSDK.framework",
				"$(SRCROOT)/Carthage/Build/tvOS/SwiftProtobuf.framework",
				"$(SRCROOT)/Carthage/Build/tvOS/Starscream.framework",
			);
			outputFileListPaths = (
			);
			outputPaths = (
			);
			runOnlyForDeploymentPostprocessing = 0;
			shellPath = /bin/sh;
			shellScript = "/usr/local/bin/carthage copy-frameworks\n";
		};
		D62DA02F21AFF05500503262 /* ShellScript */ = {
			isa = PBXShellScriptBuildPhase;
			buildActionMask = 2147483647;
			files = (
			);
			inputFileListPaths = (
			);
			inputPaths = (
				"$(SRCROOT)/Carthage/Build/iOS/AVPlayerDNAPlugin.framework",
				"$(SRCROOT)/Carthage/Build/iOS/Sentry.framework",
				"$(SRCROOT)/Carthage/Build/iOS/StreamrootSDK.framework",
				"$(SRCROOT)/Carthage/Build/iOS/SwiftProtobuf.framework",
				"$(SRCROOT)/Carthage/Build/iOS/Starscream.framework",
			);
			outputFileListPaths = (
			);
			outputPaths = (
			);
			runOnlyForDeploymentPostprocessing = 0;
			shellPath = /bin/sh;
			shellScript = "# Type a script or drag a script file from your workspace to insert its path.\n/usr/local/bin/carthage copy-frameworks\n";
		};
/* End PBXShellScriptBuildPhase section */

/* Begin PBXSourcesBuildPhase section */
		50F1DEA71E687C0E00B59D4B /* Sources */ = {
			isa = PBXSourcesBuildPhase;
			buildActionMask = 2147483647;
			files = (
				50F1DEB11E687C0E00B59D4B /* SwiftSampleViewController.swift in Sources */,
				D6087577219079F50034CB62 /* SwiftPluginSampleViewController.swift in Sources */,
				50F1DEAF1E687C0E00B59D4B /* AppDelegate.swift in Sources */,
				D61171C2209B06F100CBE36B /* ObjCSampleViewController.m in Sources */,
				D61171CE209B200900CBE36B /* MainViewController.swift in Sources */,
			);
			runOnlyForDeploymentPostprocessing = 0;
		};
		D61171E4209B3FAB00CBE36B /* Sources */ = {
			isa = PBXSourcesBuildPhase;
			buildActionMask = 2147483647;
			files = (
				D6117204209B41A700CBE36B /* AppDelegate.swift in Sources */,
				D61171F8209B3FC600CBE36B /* ObjCSampleViewController.m in Sources */,
				D61171FA209B3FD000CBE36B /* MainViewController.swift in Sources */,
				D61171F9209B3FC900CBE36B /* SwiftSampleViewController.swift in Sources */,
			);
			runOnlyForDeploymentPostprocessing = 0;
		};
/* End PBXSourcesBuildPhase section */

/* Begin PBXVariantGroup section */
		50F1DEB21E687C0E00B59D4B /* Main.storyboard */ = {
			isa = PBXVariantGroup;
			children = (
				50F1DEB31E687C0E00B59D4B /* Base */,
			);
			name = Main.storyboard;
			sourceTree = "<group>";
		};
		50F1DEB71E687C0E00B59D4B /* LaunchScreen.storyboard */ = {
			isa = PBXVariantGroup;
			children = (
				50F1DEB81E687C0E00B59D4B /* Base */,
			);
			name = LaunchScreen.storyboard;
			sourceTree = "<group>";
		};
		D61171EE209B3FAB00CBE36B /* Main.storyboard */ = {
			isa = PBXVariantGroup;
			children = (
				D61171EF209B3FAB00CBE36B /* Base */,
			);
			name = Main.storyboard;
			sourceTree = "<group>";
		};
/* End PBXVariantGroup section */

/* Begin XCBuildConfiguration section */
		50F1DEBB1E687C0E00B59D4B /* Debug */ = {
			isa = XCBuildConfiguration;
			buildSettings = {
				ALWAYS_SEARCH_USER_PATHS = NO;
				CLANG_ANALYZER_NONNULL = YES;
				CLANG_CXX_LANGUAGE_STANDARD = "gnu++0x";
				CLANG_CXX_LIBRARY = "libc++";
				CLANG_ENABLE_MODULES = YES;
				CLANG_ENABLE_OBJC_ARC = YES;
				CLANG_WARN_BLOCK_CAPTURE_AUTORELEASING = YES;
				CLANG_WARN_BOOL_CONVERSION = YES;
				CLANG_WARN_COMMA = YES;
				CLANG_WARN_CONSTANT_CONVERSION = YES;
				CLANG_WARN_DEPRECATED_OBJC_IMPLEMENTATIONS = YES;
				CLANG_WARN_DIRECT_OBJC_ISA_USAGE = YES_ERROR;
				CLANG_WARN_DOCUMENTATION_COMMENTS = YES;
				CLANG_WARN_EMPTY_BODY = YES;
				CLANG_WARN_ENUM_CONVERSION = YES;
				CLANG_WARN_INFINITE_RECURSION = YES;
				CLANG_WARN_INT_CONVERSION = YES;
				CLANG_WARN_NON_LITERAL_NULL_CONVERSION = YES;
				CLANG_WARN_OBJC_IMPLICIT_RETAIN_SELF = YES;
				CLANG_WARN_OBJC_LITERAL_CONVERSION = YES;
				CLANG_WARN_OBJC_ROOT_CLASS = YES_ERROR;
				CLANG_WARN_RANGE_LOOP_ANALYSIS = YES;
				CLANG_WARN_STRICT_PROTOTYPES = YES;
				CLANG_WARN_SUSPICIOUS_MOVE = YES;
				CLANG_WARN_UNREACHABLE_CODE = YES;
				CLANG_WARN__DUPLICATE_METHOD_MATCH = YES;
				"CODE_SIGN_IDENTITY[sdk=iphoneos*]" = "iPhone Developer";
				COPY_PHASE_STRIP = NO;
				DEBUG_INFORMATION_FORMAT = dwarf;
				ENABLE_STRICT_OBJC_MSGSEND = YES;
				ENABLE_TESTABILITY = YES;
				GCC_C_LANGUAGE_STANDARD = gnu99;
				GCC_DYNAMIC_NO_PIC = NO;
				GCC_NO_COMMON_BLOCKS = YES;
				GCC_OPTIMIZATION_LEVEL = 0;
				GCC_PREPROCESSOR_DEFINITIONS = (
					"DEBUG=1",
					"$(inherited)",
				);
				GCC_WARN_64_TO_32_BIT_CONVERSION = YES;
				GCC_WARN_ABOUT_RETURN_TYPE = YES_ERROR;
				GCC_WARN_UNDECLARED_SELECTOR = YES;
				GCC_WARN_UNINITIALIZED_AUTOS = YES_AGGRESSIVE;
				GCC_WARN_UNUSED_FUNCTION = YES;
				GCC_WARN_UNUSED_VARIABLE = YES;
				IPHONEOS_DEPLOYMENT_TARGET = 10.2;
				MTL_ENABLE_DEBUG_INFO = YES;
				ONLY_ACTIVE_ARCH = YES;
				SDKROOT = iphoneos;
				SWIFT_ACTIVE_COMPILATION_CONDITIONS = DEBUG;
				SWIFT_OPTIMIZATION_LEVEL = "-Onone";
				TARGETED_DEVICE_FAMILY = "1,2";
			};
			name = Debug;
		};
		50F1DEBC1E687C0E00B59D4B /* Release */ = {
			isa = XCBuildConfiguration;
			buildSettings = {
				ALWAYS_SEARCH_USER_PATHS = NO;
				CLANG_ANALYZER_NONNULL = YES;
				CLANG_CXX_LANGUAGE_STANDARD = "gnu++0x";
				CLANG_CXX_LIBRARY = "libc++";
				CLANG_ENABLE_MODULES = YES;
				CLANG_ENABLE_OBJC_ARC = YES;
				CLANG_WARN_BLOCK_CAPTURE_AUTORELEASING = YES;
				CLANG_WARN_BOOL_CONVERSION = YES;
				CLANG_WARN_COMMA = YES;
				CLANG_WARN_CONSTANT_CONVERSION = YES;
				CLANG_WARN_DEPRECATED_OBJC_IMPLEMENTATIONS = YES;
				CLANG_WARN_DIRECT_OBJC_ISA_USAGE = YES_ERROR;
				CLANG_WARN_DOCUMENTATION_COMMENTS = YES;
				CLANG_WARN_EMPTY_BODY = YES;
				CLANG_WARN_ENUM_CONVERSION = YES;
				CLANG_WARN_INFINITE_RECURSION = YES;
				CLANG_WARN_INT_CONVERSION = YES;
				CLANG_WARN_NON_LITERAL_NULL_CONVERSION = YES;
				CLANG_WARN_OBJC_IMPLICIT_RETAIN_SELF = YES;
				CLANG_WARN_OBJC_LITERAL_CONVERSION = YES;
				CLANG_WARN_OBJC_ROOT_CLASS = YES_ERROR;
				CLANG_WARN_RANGE_LOOP_ANALYSIS = YES;
				CLANG_WARN_STRICT_PROTOTYPES = YES;
				CLANG_WARN_SUSPICIOUS_MOVE = YES;
				CLANG_WARN_UNREACHABLE_CODE = YES;
				CLANG_WARN__DUPLICATE_METHOD_MATCH = YES;
				"CODE_SIGN_IDENTITY[sdk=iphoneos*]" = "iPhone Developer";
				COPY_PHASE_STRIP = NO;
				DEBUG_INFORMATION_FORMAT = "dwarf-with-dsym";
				ENABLE_NS_ASSERTIONS = NO;
				ENABLE_STRICT_OBJC_MSGSEND = YES;
				GCC_C_LANGUAGE_STANDARD = gnu99;
				GCC_NO_COMMON_BLOCKS = YES;
				GCC_WARN_64_TO_32_BIT_CONVERSION = YES;
				GCC_WARN_ABOUT_RETURN_TYPE = YES_ERROR;
				GCC_WARN_UNDECLARED_SELECTOR = YES;
				GCC_WARN_UNINITIALIZED_AUTOS = YES_AGGRESSIVE;
				GCC_WARN_UNUSED_FUNCTION = YES;
				GCC_WARN_UNUSED_VARIABLE = YES;
				IPHONEOS_DEPLOYMENT_TARGET = 10.2;
				MTL_ENABLE_DEBUG_INFO = NO;
				SDKROOT = iphoneos;
				SWIFT_OPTIMIZATION_LEVEL = "-Owholemodule";
				TARGETED_DEVICE_FAMILY = "1,2";
				VALIDATE_PRODUCT = YES;
			};
			name = Release;
		};
		50F1DEBE1E687C0E00B59D4B /* Debug */ = {
			isa = XCBuildConfiguration;
			buildSettings = {
				ASSETCATALOG_COMPILER_APPICON_NAME = AppIcon;
				CLANG_ENABLE_MODULES = YES;
				CODE_SIGN_IDENTITY = "iPhone Developer";
				CODE_SIGN_STYLE = Manual;
				DEVELOPMENT_TEAM = "";
				ENABLE_BITCODE = YES;
				FRAMEWORK_SEARCH_PATHS = (
					"$(inherited)",
					"$(PROJECT_DIR)/DnaSample",
					"$(PROJECT_DIR)/DnaSample/Carthage/Build/iOS",
					"$(PROJECT_DIR)/Carthage/Build/iOS",
				);
				INFOPLIST_FILE = "$(SRCROOT)/DnaSample/Info.plist";
				IPHONEOS_DEPLOYMENT_TARGET = 9.2;
				LD_RUNPATH_SEARCH_PATHS = "$(inherited) @executable_path/Frameworks";
				PRODUCT_BUNDLE_IDENTIFIER = io.streamroot.SwiftDemo;
				PRODUCT_NAME = "$(TARGET_NAME)";
				PROVISIONING_PROFILE_SPECIFIER = "";
				SWIFT_OBJC_BRIDGING_HEADER = "DnaSample/DnaSample-Bridging-Header.h";
				SWIFT_OPTIMIZATION_LEVEL = "-Onone";
				SWIFT_VERSION = 4.2;
			};
			name = Debug;
		};
		50F1DEBF1E687C0E00B59D4B /* Release */ = {
			isa = XCBuildConfiguration;
			buildSettings = {
				ASSETCATALOG_COMPILER_APPICON_NAME = AppIcon;
				CLANG_ENABLE_MODULES = YES;
				CODE_SIGN_IDENTITY = "iPhone Developer";
				CODE_SIGN_STYLE = Manual;
				DEVELOPMENT_TEAM = "";
				ENABLE_BITCODE = YES;
				FRAMEWORK_SEARCH_PATHS = (
					"$(inherited)",
					"$(PROJECT_DIR)/DnaSample",
					"$(PROJECT_DIR)/DnaSample/Carthage/Build/iOS",
					"$(PROJECT_DIR)/Carthage/Build/iOS",
				);
				INFOPLIST_FILE = "$(SRCROOT)/DnaSample/Info.plist";
				IPHONEOS_DEPLOYMENT_TARGET = 9.2;
				LD_RUNPATH_SEARCH_PATHS = "$(inherited) @executable_path/Frameworks";
				PRODUCT_BUNDLE_IDENTIFIER = io.streamroot.SwiftDemo;
				PRODUCT_NAME = "$(TARGET_NAME)";
				PROVISIONING_PROFILE_SPECIFIER = "";
				SWIFT_OBJC_BRIDGING_HEADER = "DnaSample/DnaSample-Bridging-Header.h";
				SWIFT_VERSION = 4.2;
			};
			name = Release;
		};
		D61171F4209B3FAD00CBE36B /* Debug */ = {
			isa = XCBuildConfiguration;
			buildSettings = {
				ASSETCATALOG_COMPILER_APPICON_NAME = "App Icon & Top Shelf Image";
				ASSETCATALOG_COMPILER_LAUNCHIMAGE_NAME = LaunchImage;
				CLANG_ANALYZER_NUMBER_OBJECT_CONVERSION = YES_AGGRESSIVE;
				CLANG_CXX_LANGUAGE_STANDARD = "gnu++14";
				CLANG_ENABLE_OBJC_WEAK = YES;
				CLANG_WARN_UNGUARDED_AVAILABILITY = YES_AGGRESSIVE;
				CODE_SIGN_STYLE = Manual;
				DEVELOPMENT_TEAM = "";
				FRAMEWORK_SEARCH_PATHS = (
					"$(inherited)",
					"$(PROJECT_DIR)/DnaSample",
					"$(PROJECT_DIR)/DnaSample/Carthage/Build/tvOS",
					"$(PROJECT_DIR)/Carthage/Build/tvOS",
				);
				GCC_C_LANGUAGE_STANDARD = gnu11;
				INFOPLIST_FILE = "DnaSample-tvOS/Info.plist";
				LD_RUNPATH_SEARCH_PATHS = "$(inherited) @executable_path/Frameworks";
				PRODUCT_BUNDLE_IDENTIFIER = "io.streamroot.DnaSample-tvOS";
				PRODUCT_NAME = "$(TARGET_NAME)";
				PROVISIONING_PROFILE_SPECIFIER = "";
				SDKROOT = appletvos;
				SWIFT_VERSION = 4.2;
				TARGETED_DEVICE_FAMILY = 3;
				TVOS_DEPLOYMENT_TARGET = 10.2;
			};
			name = Debug;
		};
		D61171F5209B3FAD00CBE36B /* Release */ = {
			isa = XCBuildConfiguration;
			buildSettings = {
				ASSETCATALOG_COMPILER_APPICON_NAME = "App Icon & Top Shelf Image";
				ASSETCATALOG_COMPILER_LAUNCHIMAGE_NAME = LaunchImage;
				CLANG_ANALYZER_NUMBER_OBJECT_CONVERSION = YES_AGGRESSIVE;
				CLANG_CXX_LANGUAGE_STANDARD = "gnu++14";
				CLANG_ENABLE_OBJC_WEAK = YES;
				CLANG_WARN_UNGUARDED_AVAILABILITY = YES_AGGRESSIVE;
				CODE_SIGN_STYLE = Manual;
				DEVELOPMENT_TEAM = "";
				FRAMEWORK_SEARCH_PATHS = (
					"$(inherited)",
					"$(PROJECT_DIR)/DnaSample",
					"$(PROJECT_DIR)/DnaSample/Carthage/Build/tvOS",
					"$(PROJECT_DIR)/Carthage/Build/tvOS",
				);
				GCC_C_LANGUAGE_STANDARD = gnu11;
				INFOPLIST_FILE = "DnaSample-tvOS/Info.plist";
				LD_RUNPATH_SEARCH_PATHS = "$(inherited) @executable_path/Frameworks";
				PRODUCT_BUNDLE_IDENTIFIER = "io.streamroot.DnaSample-tvOS";
				PRODUCT_NAME = "$(TARGET_NAME)";
				PROVISIONING_PROFILE_SPECIFIER = "";
				SDKROOT = appletvos;
				SWIFT_VERSION = 4.2;
				TARGETED_DEVICE_FAMILY = 3;
				TVOS_DEPLOYMENT_TARGET = 10.2;
			};
			name = Release;
		};
/* End XCBuildConfiguration section */

/* Begin XCConfigurationList section */
		50F1DEA61E687C0E00B59D4B /* Build configuration list for PBXProject "DnaSample" */ = {
			isa = XCConfigurationList;
			buildConfigurations = (
				50F1DEBB1E687C0E00B59D4B /* Debug */,
				50F1DEBC1E687C0E00B59D4B /* Release */,
			);
			defaultConfigurationIsVisible = 0;
			defaultConfigurationName = Release;
		};
		50F1DEBD1E687C0E00B59D4B /* Build configuration list for PBXNativeTarget "DnaSample-iOS" */ = {
			isa = XCConfigurationList;
			buildConfigurations = (
				50F1DEBE1E687C0E00B59D4B /* Debug */,
				50F1DEBF1E687C0E00B59D4B /* Release */,
			);
			defaultConfigurationIsVisible = 0;
			defaultConfigurationName = Release;
		};
		D61171F6209B3FAD00CBE36B /* Build configuration list for PBXNativeTarget "DnaSample-tvOS" */ = {
			isa = XCConfigurationList;
			buildConfigurations = (
				D61171F4209B3FAD00CBE36B /* Debug */,
				D61171F5209B3FAD00CBE36B /* Release */,
			);
			defaultConfigurationIsVisible = 0;
			defaultConfigurationName = Release;
		};
/* End XCConfigurationList section */
	};
	rootObject = 50F1DEA31E687C0E00B59D4B /* Project object */;
}
