// !$*UTF8*$!
{
	archiveVersion = 1;
	classes = {
	};
	objectVersion = 46;
	objects = {

/* Begin PBXBuildFile section */
		50F1DEAF1E687C0E00B59D4B /* AppDelegate.swift in Sources */ = {isa = PBXBuildFile; fileRef = 50F1DEAE1E687C0E00B59D4B /* AppDelegate.swift */; };
		50F1DEB11E687C0E00B59D4B /* SwiftSampleViewController.swift in Sources */ = {isa = PBXBuildFile; fileRef = 50F1DEB01E687C0E00B59D4B /* SwiftSampleViewController.swift */; };
		50F1DEB41E687C0E00B59D4B /* Main.storyboard in Resources */ = {isa = PBXBuildFile; fileRef = 50F1DEB21E687C0E00B59D4B /* Main.storyboard */; };
		50F1DEB61E687C0E00B59D4B /* Assets.xcassets in Resources */ = {isa = PBXBuildFile; fileRef = 50F1DEB51E687C0E00B59D4B /* Assets.xcassets */; };
		50F1DEB91E687C0E00B59D4B /* LaunchScreen.storyboard in Resources */ = {isa = PBXBuildFile; fileRef = 50F1DEB71E687C0E00B59D4B /* LaunchScreen.storyboard */; };
		D61171C2209B06F100CBE36B /* ObjCSampleViewController.m in Sources */ = {isa = PBXBuildFile; fileRef = D61171C0209B06F000CBE36B /* ObjCSampleViewController.m */; };
		D61171C9209B160C00CBE36B /* Alamofire.framework in Frameworks */ = {isa = PBXBuildFile; fileRef = D61171C5209B160C00CBE36B /* Alamofire.framework */; };
		D61171CA209B160C00CBE36B /* Sentry.framework in Frameworks */ = {isa = PBXBuildFile; fileRef = D61171C6209B160C00CBE36B /* Sentry.framework */; };
		D61171CB209B160C00CBE36B /* Starscream.framework in Frameworks */ = {isa = PBXBuildFile; fileRef = D61171C7209B160C00CBE36B /* Starscream.framework */; };
		D61171CC209B160C00CBE36B /* StreamrootSDK.framework in Frameworks */ = {isa = PBXBuildFile; fileRef = D61171C8209B160C00CBE36B /* StreamrootSDK.framework */; };
		D61171CE209B200900CBE36B /* MainViewController.swift in Sources */ = {isa = PBXBuildFile; fileRef = D61171CD209B200900CBE36B /* MainViewController.swift */; };
		D61171F2209B3FAD00CBE36B /* Assets.xcassets in Resources */ = {isa = PBXBuildFile; fileRef = D61171F1209B3FAD00CBE36B /* Assets.xcassets */; };
		D61171F8209B3FC600CBE36B /* ObjCSampleViewController.m in Sources */ = {isa = PBXBuildFile; fileRef = D61171C0209B06F000CBE36B /* ObjCSampleViewController.m */; };
		D61171F9209B3FC900CBE36B /* SwiftSampleViewController.swift in Sources */ = {isa = PBXBuildFile; fileRef = 50F1DEB01E687C0E00B59D4B /* SwiftSampleViewController.swift */; };
		D61171FA209B3FD000CBE36B /* MainViewController.swift in Sources */ = {isa = PBXBuildFile; fileRef = D61171CD209B200900CBE36B /* MainViewController.swift */; };
		D61171FF209B413C00CBE36B /* StreamrootSDK.framework in Frameworks */ = {isa = PBXBuildFile; fileRef = D61171FB209B413C00CBE36B /* StreamrootSDK.framework */; };
		D6117200209B413C00CBE36B /* Alamofire.framework in Frameworks */ = {isa = PBXBuildFile; fileRef = D61171FC209B413C00CBE36B /* Alamofire.framework */; };
		D6117201209B413C00CBE36B /* Sentry.framework in Frameworks */ = {isa = PBXBuildFile; fileRef = D61171FD209B413C00CBE36B /* Sentry.framework */; };
		D6117202209B413C00CBE36B /* Starscream.framework in Frameworks */ = {isa = PBXBuildFile; fileRef = D61171FE209B413C00CBE36B /* Starscream.framework */; };
		D6117204209B41A700CBE36B /* AppDelegate.swift in Sources */ = {isa = PBXBuildFile; fileRef = 50F1DEAE1E687C0E00B59D4B /* AppDelegate.swift */; };
		D6117205209B41BD00CBE36B /* Main.storyboard in Resources */ = {isa = PBXBuildFile; fileRef = D61171EE209B3FAB00CBE36B /* Main.storyboard */; };
/* End PBXBuildFile section */

/* Begin PBXFileReference section */
		50F1DEAB1E687C0E00B59D4B /* DnaSample-iOS.app */ = {isa = PBXFileReference; explicitFileType = wrapper.application; includeInIndex = 0; path = "DnaSample-iOS.app"; sourceTree = BUILT_PRODUCTS_DIR; };
		50F1DEAE1E687C0E00B59D4B /* AppDelegate.swift */ = {isa = PBXFileReference; lastKnownFileType = sourcecode.swift; path = AppDelegate.swift; sourceTree = "<group>"; };
		50F1DEB01E687C0E00B59D4B /* SwiftSampleViewController.swift */ = {isa = PBXFileReference; lastKnownFileType = sourcecode.swift; path = SwiftSampleViewController.swift; sourceTree = "<group>"; };
		50F1DEB31E687C0E00B59D4B /* Base */ = {isa = PBXFileReference; lastKnownFileType = file.storyboard; name = Base; path = Base.lproj/Main.storyboard; sourceTree = "<group>"; };
		50F1DEB51E687C0E00B59D4B /* Assets.xcassets */ = {isa = PBXFileReference; lastKnownFileType = folder.assetcatalog; path = Assets.xcassets; sourceTree = "<group>"; };
		50F1DEB81E687C0E00B59D4B /* Base */ = {isa = PBXFileReference; lastKnownFileType = file.storyboard; name = Base; path = Base.lproj/LaunchScreen.storyboard; sourceTree = "<group>"; };
		50F1DEBA1E687C0E00B59D4B /* Info.plist */ = {isa = PBXFileReference; lastKnownFileType = text.plist.xml; path = Info.plist; sourceTree = "<group>"; };
		D61171BF209B06F000CBE36B /* DnaSample-Bridging-Header.h */ = {isa = PBXFileReference; lastKnownFileType = sourcecode.c.h; path = "DnaSample-Bridging-Header.h"; sourceTree = "<group>"; };
		D61171C0209B06F000CBE36B /* ObjCSampleViewController.m */ = {isa = PBXFileReference; fileEncoding = 4; lastKnownFileType = sourcecode.c.objc; path = ObjCSampleViewController.m; sourceTree = "<group>"; };
		D61171C1209B06F100CBE36B /* ObjCSampleViewController.h */ = {isa = PBXFileReference; fileEncoding = 4; lastKnownFileType = sourcecode.c.h; path = ObjCSampleViewController.h; sourceTree = "<group>"; };
		D61171C5209B160C00CBE36B /* Alamofire.framework */ = {isa = PBXFileReference; lastKnownFileType = wrapper.framework; name = Alamofire.framework; path = DnaSample/Carthage/Build/iOS/Alamofire.framework; sourceTree = "<group>"; };
		D61171C6209B160C00CBE36B /* Sentry.framework */ = {isa = PBXFileReference; lastKnownFileType = wrapper.framework; name = Sentry.framework; path = DnaSample/Carthage/Build/iOS/Sentry.framework; sourceTree = "<group>"; };
		D61171C7209B160C00CBE36B /* Starscream.framework */ = {isa = PBXFileReference; lastKnownFileType = wrapper.framework; name = Starscream.framework; path = DnaSample/Carthage/Build/iOS/Starscream.framework; sourceTree = "<group>"; };
		D61171C8209B160C00CBE36B /* StreamrootSDK.framework */ = {isa = PBXFileReference; lastKnownFileType = wrapper.framework; name = StreamrootSDK.framework; path = DnaSample/Carthage/Build/iOS/StreamrootSDK.framework; sourceTree = "<group>"; };
		D61171CD209B200900CBE36B /* MainViewController.swift */ = {isa = PBXFileReference; lastKnownFileType = sourcecode.swift; path = MainViewController.swift; sourceTree = "<group>"; };
		D61171E8209B3FAB00CBE36B /* DnaSample-tvOS.app */ = {isa = PBXFileReference; explicitFileType = wrapper.application; includeInIndex = 0; path = "DnaSample-tvOS.app"; sourceTree = BUILT_PRODUCTS_DIR; };
		D61171EA209B3FAB00CBE36B /* AppDelegate.swift */ = {isa = PBXFileReference; lastKnownFileType = sourcecode.swift; path = AppDelegate.swift; sourceTree = "<group>"; };
		D61171EF209B3FAB00CBE36B /* Base */ = {isa = PBXFileReference; lastKnownFileType = file.storyboard; name = Base; path = Base.lproj/Main.storyboard; sourceTree = "<group>"; };
		D61171F1209B3FAD00CBE36B /* Assets.xcassets */ = {isa = PBXFileReference; lastKnownFileType = folder.assetcatalog; path = Assets.xcassets; sourceTree = "<group>"; };
		D61171F3209B3FAD00CBE36B /* Info.plist */ = {isa = PBXFileReference; lastKnownFileType = text.plist.xml; path = Info.plist; sourceTree = "<group>"; };
		D61171FB209B413C00CBE36B /* StreamrootSDK.framework */ = {isa = PBXFileReference; lastKnownFileType = wrapper.framework; name = StreamrootSDK.framework; path = DnaSample/Carthage/Build/tvOS/StreamrootSDK.framework; sourceTree = "<group>"; };
		D61171FC209B413C00CBE36B /* Alamofire.framework */ = {isa = PBXFileReference; lastKnownFileType = wrapper.framework; name = Alamofire.framework; path = DnaSample/Carthage/Build/tvOS/Alamofire.framework; sourceTree = "<group>"; };
		D61171FD209B413C00CBE36B /* Sentry.framework */ = {isa = PBXFileReference; lastKnownFileType = wrapper.framework; name = Sentry.framework; path = DnaSample/Carthage/Build/tvOS/Sentry.framework; sourceTree = "<group>"; };
		D61171FE209B413C00CBE36B /* Starscream.framework */ = {isa = PBXFileReference; lastKnownFileType = wrapper.framework; name = Starscream.framework; path = DnaSample/Carthage/Build/tvOS/Starscream.framework; sourceTree = "<group>"; };
/* End PBXFileReference section */

/* Begin PBXFrameworksBuildPhase section */
		50F1DEA81E687C0E00B59D4B /* Frameworks */ = {
			isa = PBXFrameworksBuildPhase;
			buildActionMask = 2147483647;
			files = (
				D61171C9209B160C00CBE36B /* Alamofire.framework in Frameworks */,
				D61171CA209B160C00CBE36B /* Sentry.framework in Frameworks */,
				D61171CB209B160C00CBE36B /* Starscream.framework in Frameworks */,
				D61171CC209B160C00CBE36B /* StreamrootSDK.framework in Frameworks */,
			);
			runOnlyForDeploymentPostprocessing = 0;
		};
		D61171E5209B3FAB00CBE36B /* Frameworks */ = {
			isa = PBXFrameworksBuildPhase;
			buildActionMask = 2147483647;
			files = (
				D61171FF209B413C00CBE36B /* StreamrootSDK.framework in Frameworks */,
				D6117200209B413C00CBE36B /* Alamofire.framework in Frameworks */,
				D6117201209B413C00CBE36B /* Sentry.framework in Frameworks */,
				D6117202209B413C00CBE36B /* Starscream.framework in Frameworks */,
			);
			runOnlyForDeploymentPostprocessing = 0;
		};
/* End PBXFrameworksBuildPhase section */

/* Begin PBXGroup section */
		50F1DEA21E687C0E00B59D4B = {
			isa = PBXGroup;
			children = (
				50F1DEAD1E687C0E00B59D4B /* DnaSample */,
				D61171E9209B3FAB00CBE36B /* DnaSample-tvOS */,
				50F1DEAC1E687C0E00B59D4B /* Products */,
				D6C2D4601FD16B8D00C5FEC1 /* Frameworks */,
			);
			sourceTree = "<group>";
		};
		50F1DEAC1E687C0E00B59D4B /* Products */ = {
			isa = PBXGroup;
			children = (
				50F1DEAB1E687C0E00B59D4B /* DnaSample-iOS.app */,
				D61171E8209B3FAB00CBE36B /* DnaSample-tvOS.app */,
			);
			name = Products;
			sourceTree = "<group>";
		};
		50F1DEAD1E687C0E00B59D4B /* DnaSample */ = {
			isa = PBXGroup;
			children = (
				D61171C3209B072300CBE36B /* ObjC */,
				50F1DEAE1E687C0E00B59D4B /* AppDelegate.swift */,
				D61171C4209B072F00CBE36B /* Swift */,
				50F1DEB21E687C0E00B59D4B /* Main.storyboard */,
				50F1DEB51E687C0E00B59D4B /* Assets.xcassets */,
				50F1DEB71E687C0E00B59D4B /* LaunchScreen.storyboard */,
				50F1DEBA1E687C0E00B59D4B /* Info.plist */,
				D61171BF209B06F000CBE36B /* DnaSample-Bridging-Header.h */,
				D61171CD209B200900CBE36B /* MainViewController.swift */,
			);
			path = DnaSample;
			sourceTree = "<group>";
		};
		D61171C3209B072300CBE36B /* ObjC */ = {
			isa = PBXGroup;
			children = (
				D61171C1209B06F100CBE36B /* ObjCSampleViewController.h */,
				D61171C0209B06F000CBE36B /* ObjCSampleViewController.m */,
			);
			path = ObjC;
			sourceTree = "<group>";
		};
		D61171C4209B072F00CBE36B /* Swift */ = {
			isa = PBXGroup;
			children = (
				50F1DEB01E687C0E00B59D4B /* SwiftSampleViewController.swift */,
			);
			path = Swift;
			sourceTree = "<group>";
		};
		D61171E9209B3FAB00CBE36B /* DnaSample-tvOS */ = {
			isa = PBXGroup;
			children = (
				D61171EA209B3FAB00CBE36B /* AppDelegate.swift */,
				D61171EE209B3FAB00CBE36B /* Main.storyboard */,
				D61171F1209B3FAD00CBE36B /* Assets.xcassets */,
				D61171F3209B3FAD00CBE36B /* Info.plist */,
			);
			path = "DnaSample-tvOS";
			sourceTree = "<group>";
		};
		D6C2D4601FD16B8D00C5FEC1 /* Frameworks */ = {
			isa = PBXGroup;
			children = (
				D61171FC209B413C00CBE36B /* Alamofire.framework */,
				D61171FD209B413C00CBE36B /* Sentry.framework */,
				D61171FE209B413C00CBE36B /* Starscream.framework */,
				D61171FB209B413C00CBE36B /* StreamrootSDK.framework */,
				D61171C5209B160C00CBE36B /* Alamofire.framework */,
				D61171C6209B160C00CBE36B /* Sentry.framework */,
				D61171C7209B160C00CBE36B /* Starscream.framework */,
				D61171C8209B160C00CBE36B /* StreamrootSDK.framework */,
			);
			name = Frameworks;
			sourceTree = "<group>";
		};
/* End PBXGroup section */

/* Begin PBXNativeTarget section */
		50F1DEAA1E687C0E00B59D4B /* DnaSample-iOS */ = {
			isa = PBXNativeTarget;
			buildConfigurationList = 50F1DEBD1E687C0E00B59D4B /* Build configuration list for PBXNativeTarget "DnaSample-iOS" */;
			buildPhases = (
				50F1DEA71E687C0E00B59D4B /* Sources */,
				50F1DEA81E687C0E00B59D4B /* Frameworks */,
				50F1DEA91E687C0E00B59D4B /* Resources */,
				50F1DECC1E6880FF00B59D4B /* Carthage */,
			);
			buildRules = (
			);
			dependencies = (
			);
			name = "DnaSample-iOS";
			productName = SwiftDemo;
			productReference = 50F1DEAB1E687C0E00B59D4B /* DnaSample-iOS.app */;
			productType = "com.apple.product-type.application";
		};
		D61171E7209B3FAB00CBE36B /* DnaSample-tvOS */ = {
			isa = PBXNativeTarget;
			buildConfigurationList = D61171F6209B3FAD00CBE36B /* Build configuration list for PBXNativeTarget "DnaSample-tvOS" */;
			buildPhases = (
				D61171E4209B3FAB00CBE36B /* Sources */,
				D61171E5209B3FAB00CBE36B /* Frameworks */,
				D61171E6209B3FAB00CBE36B /* Resources */,
				D6117207209B41F700CBE36B /* Carthage */,
			);
			buildRules = (
			);
			dependencies = (
			);
			name = "DnaSample-tvOS";
			productName = "DnaSample-tvOS";
			productReference = D61171E8209B3FAB00CBE36B /* DnaSample-tvOS.app */;
			productType = "com.apple.product-type.application";
		};
/* End PBXNativeTarget section */

/* Begin PBXProject section */
		50F1DEA31E687C0E00B59D4B /* Project object */ = {
			isa = PBXProject;
			attributes = {
				LastSwiftUpdateCheck = 0930;
				LastUpgradeCheck = 0930;
				ORGANIZATIONNAME = Streamroot;
				TargetAttributes = {
					50F1DEAA1E687C0E00B59D4B = {
						CreatedOnToolsVersion = 8.2.1;
						DevelopmentTeam = U8XV9XDER7;
						LastSwiftMigration = 0930;
						ProvisioningStyle = Automatic;
					};
					D61171E7209B3FAB00CBE36B = {
						CreatedOnToolsVersion = 9.3;
						ProvisioningStyle = Automatic;
					};
				};
			};
			buildConfigurationList = 50F1DEA61E687C0E00B59D4B /* Build configuration list for PBXProject "DnaSample" */;
			compatibilityVersion = "Xcode 3.2";
			developmentRegion = English;
			hasScannedForEncodings = 0;
			knownRegions = (
				en,
				Base,
			);
			mainGroup = 50F1DEA21E687C0E00B59D4B;
			productRefGroup = 50F1DEAC1E687C0E00B59D4B /* Products */;
			projectDirPath = "";
			projectRoot = "";
			targets = (
				50F1DEAA1E687C0E00B59D4B /* DnaSample-iOS */,
				D61171E7209B3FAB00CBE36B /* DnaSample-tvOS */,
			);
		};
/* End PBXProject section */

/* Begin PBXResourcesBuildPhase section */
		50F1DEA91E687C0E00B59D4B /* Resources */ = {
			isa = PBXResourcesBuildPhase;
			buildActionMask = 2147483647;
			files = (
				50F1DEB91E687C0E00B59D4B /* LaunchScreen.storyboard in Resources */,
				50F1DEB61E687C0E00B59D4B /* Assets.xcassets in Resources */,
				50F1DEB41E687C0E00B59D4B /* Main.storyboard in Resources */,
			);
			runOnlyForDeploymentPostprocessing = 0;
		};
		D61171E6209B3FAB00CBE36B /* Resources */ = {
			isa = PBXResourcesBuildPhase;
			buildActionMask = 2147483647;
			files = (
				D61171F2209B3FAD00CBE36B /* Assets.xcassets in Resources */,
				D6117205209B41BD00CBE36B /* Main.storyboard in Resources */,
			);
			runOnlyForDeploymentPostprocessing = 0;
		};
/* End PBXResourcesBuildPhase section */

/* Begin PBXShellScriptBuildPhase section */
		50F1DECC1E6880FF00B59D4B /* Carthage */ = {
			isa = PBXShellScriptBuildPhase;
			buildActionMask = 2147483647;
			files = (
			);
			inputPaths = (
				"$(SRCROOT)/DnaSample/Carthage/Build/iOS/Starscream.framework",
				"$(SRCROOT)/DnaSample/Carthage/Build/iOS/Alamofire.framework",
				"$(SRCROOT)/DnaSample/Carthage/Build/iOS/StreamrootSDK.framework",
				"$(SRCROOT)/DnaSample/Carthage/Build/iOS/Sentry.framework",
			);
			name = Carthage;
			outputPaths = (
			);
			runOnlyForDeploymentPostprocessing = 0;
			shellPath = /bin/sh;
			shellScript = "/usr/local/bin/carthage copy-frameworks";
		};
		D6117207209B41F700CBE36B /* Carthage */ = {
			isa = PBXShellScriptBuildPhase;
			buildActionMask = 2147483647;
			files = (
			);
			inputPaths = (
				"$(SRCROOT)/DnaSample/Carthage/Build/tvOS/Starscream.framework",
				"$(SRCROOT)/DnaSample/Carthage/Build/tvOS/Alamofire.framework",
				"$(SRCROOT)/DnaSample/Carthage/Build/tvOS/StreamrootSDK.framework",
				"$(SRCROOT)/DnaSample/Carthage/Build/tvOS/Sentry.framework",
			);
			name = Carthage;
			outputPaths = (
			);
			runOnlyForDeploymentPostprocessing = 0;
			shellPath = /bin/sh;
			shellScript = "/usr/local/bin/carthage copy-frameworks";
		};
/* End PBXShellScriptBuildPhase section */

/* Begin PBXSourcesBuildPhase section */
		50F1DEA71E687C0E00B59D4B /* Sources */ = {
			isa = PBXSourcesBuildPhase;
			buildActionMask = 2147483647;
			files = (
				50F1DEB11E687C0E00B59D4B /* SwiftSampleViewController.swift in Sources */,
				50F1DEAF1E687C0E00B59D4B /* AppDelegate.swift in Sources */,
				D61171C2209B06F100CBE36B /* ObjCSampleViewController.m in Sources */,
				D61171CE209B200900CBE36B /* MainViewController.swift in Sources */,
			);
			runOnlyForDeploymentPostprocessing = 0;
		};
		D61171E4209B3FAB00CBE36B /* Sources */ = {
			isa = PBXSourcesBuildPhase;
			buildActionMask = 2147483647;
			files = (
				D6117204209B41A700CBE36B /* AppDelegate.swift in Sources */,
				D61171F8209B3FC600CBE36B /* ObjCSampleViewController.m in Sources */,
				D61171FA209B3FD000CBE36B /* MainViewController.swift in Sources */,
				D61171F9209B3FC900CBE36B /* SwiftSampleViewController.swift in Sources */,
			);
			runOnlyForDeploymentPostprocessing = 0;
		};
/* End PBXSourcesBuildPhase section */

/* Begin PBXVariantGroup section */
		50F1DEB21E687C0E00B59D4B /* Main.storyboard */ = {
			isa = PBXVariantGroup;
			children = (
				50F1DEB31E687C0E00B59D4B /* Base */,
			);
			name = Main.storyboard;
			sourceTree = "<group>";
		};
		50F1DEB71E687C0E00B59D4B /* LaunchScreen.storyboard */ = {
			isa = PBXVariantGroup;
			children = (
				50F1DEB81E687C0E00B59D4B /* Base */,
			);
			name = LaunchScreen.storyboard;
			sourceTree = "<group>";
		};
		D61171EE209B3FAB00CBE36B /* Main.storyboard */ = {
			isa = PBXVariantGroup;
			children = (
				D61171EF209B3FAB00CBE36B /* Base */,
			);
			name = Main.storyboard;
			sourceTree = "<group>";
		};
/* End PBXVariantGroup section */

/* Begin XCBuildConfiguration section */
		50F1DEBB1E687C0E00B59D4B /* Debug */ = {
			isa = XCBuildConfiguration;
			buildSettings = {
				ALWAYS_EMBED_SWIFT_STANDARD_LIBRARIES = NO;
				ALWAYS_SEARCH_USER_PATHS = NO;
				CLANG_ANALYZER_NONNULL = YES;
				CLANG_CXX_LANGUAGE_STANDARD = "gnu++0x";
				CLANG_CXX_LIBRARY = "libc++";
				CLANG_ENABLE_MODULES = YES;
				CLANG_ENABLE_OBJC_ARC = YES;
				CLANG_WARN_BLOCK_CAPTURE_AUTORELEASING = YES;
				CLANG_WARN_BOOL_CONVERSION = YES;
				CLANG_WARN_COMMA = YES;
				CLANG_WARN_CONSTANT_CONVERSION = YES;
				CLANG_WARN_DEPRECATED_OBJC_IMPLEMENTATIONS = YES;
				CLANG_WARN_DIRECT_OBJC_ISA_USAGE = YES_ERROR;
				CLANG_WARN_DOCUMENTATION_COMMENTS = YES;
				CLANG_WARN_EMPTY_BODY = YES;
				CLANG_WARN_ENUM_CONVERSION = YES;
				CLANG_WARN_INFINITE_RECURSION = YES;
				CLANG_WARN_INT_CONVERSION = YES;
				CLANG_WARN_NON_LITERAL_NULL_CONVERSION = YES;
				CLANG_WARN_OBJC_IMPLICIT_RETAIN_SELF = YES;
				CLANG_WARN_OBJC_LITERAL_CONVERSION = YES;
				CLANG_WARN_OBJC_ROOT_CLASS = YES_ERROR;
				CLANG_WARN_RANGE_LOOP_ANALYSIS = YES;
				CLANG_WARN_STRICT_PROTOTYPES = YES;
				CLANG_WARN_SUSPICIOUS_MOVE = YES;
				CLANG_WARN_UNREACHABLE_CODE = YES;
				CLANG_WARN__DUPLICATE_METHOD_MATCH = YES;
				"CODE_SIGN_IDENTITY[sdk=iphoneos*]" = "iPhone Developer";
				COPY_PHASE_STRIP = NO;
				DEBUG_INFORMATION_FORMAT = dwarf;
				ENABLE_STRICT_OBJC_MSGSEND = YES;
				ENABLE_TESTABILITY = YES;
				GCC_C_LANGUAGE_STANDARD = gnu99;
				GCC_DYNAMIC_NO_PIC = NO;
				GCC_NO_COMMON_BLOCKS = YES;
				GCC_OPTIMIZATION_LEVEL = 0;
				GCC_PREPROCESSOR_DEFINITIONS = (
					"DEBUG=1",
					"$(inherited)",
				);
				GCC_WARN_64_TO_32_BIT_CONVERSION = YES;
				GCC_WARN_ABOUT_RETURN_TYPE = YES_ERROR;
				GCC_WARN_UNDECLARED_SELECTOR = YES;
				GCC_WARN_UNINITIALIZED_AUTOS = YES_AGGRESSIVE;
				GCC_WARN_UNUSED_FUNCTION = YES;
				GCC_WARN_UNUSED_VARIABLE = YES;
				IPHONEOS_DEPLOYMENT_TARGET = 10.2;
				MTL_ENABLE_DEBUG_INFO = YES;
				ONLY_ACTIVE_ARCH = YES;
				SDKROOT = iphoneos;
				SWIFT_ACTIVE_COMPILATION_CONDITIONS = DEBUG;
				SWIFT_OPTIMIZATION_LEVEL = "-Onone";
				TARGETED_DEVICE_FAMILY = "1,2";
			};
			name = Debug;
		};
		50F1DEBC1E687C0E00B59D4B /* Release */ = {
			isa = XCBuildConfiguration;
			buildSettings = {
				ALWAYS_EMBED_SWIFT_STANDARD_LIBRARIES = NO;
				ALWAYS_SEARCH_USER_PATHS = NO;
				CLANG_ANALYZER_NONNULL = YES;
				CLANG_CXX_LANGUAGE_STANDARD = "gnu++0x";
				CLANG_CXX_LIBRARY = "libc++";
				CLANG_ENABLE_MODULES = YES;
				CLANG_ENABLE_OBJC_ARC = YES;
				CLANG_WARN_BLOCK_CAPTURE_AUTORELEASING = YES;
				CLANG_WARN_BOOL_CONVERSION = YES;
				CLANG_WARN_COMMA = YES;
				CLANG_WARN_CONSTANT_CONVERSION = YES;
				CLANG_WARN_DEPRECATED_OBJC_IMPLEMENTATIONS = YES;
				CLANG_WARN_DIRECT_OBJC_ISA_USAGE = YES_ERROR;
				CLANG_WARN_DOCUMENTATION_COMMENTS = YES;
				CLANG_WARN_EMPTY_BODY = YES;
				CLANG_WARN_ENUM_CONVERSION = YES;
				CLANG_WARN_INFINITE_RECURSION = YES;
				CLANG_WARN_INT_CONVERSION = YES;
				CLANG_WARN_NON_LITERAL_NULL_CONVERSION = YES;
				CLANG_WARN_OBJC_IMPLICIT_RETAIN_SELF = YES;
				CLANG_WARN_OBJC_LITERAL_CONVERSION = YES;
				CLANG_WARN_OBJC_ROOT_CLASS = YES_ERROR;
				CLANG_WARN_RANGE_LOOP_ANALYSIS = YES;
				CLANG_WARN_STRICT_PROTOTYPES = YES;
				CLANG_WARN_SUSPICIOUS_MOVE = YES;
				CLANG_WARN_UNREACHABLE_CODE = YES;
				CLANG_WARN__DUPLICATE_METHOD_MATCH = YES;
				"CODE_SIGN_IDENTITY[sdk=iphoneos*]" = "iPhone Developer";
				COPY_PHASE_STRIP = NO;
				DEBUG_INFORMATION_FORMAT = "dwarf-with-dsym";
				ENABLE_NS_ASSERTIONS = NO;
				ENABLE_STRICT_OBJC_MSGSEND = YES;
				GCC_C_LANGUAGE_STANDARD = gnu99;
				GCC_NO_COMMON_BLOCKS = YES;
				GCC_WARN_64_TO_32_BIT_CONVERSION = YES;
				GCC_WARN_ABOUT_RETURN_TYPE = YES_ERROR;
				GCC_WARN_UNDECLARED_SELECTOR = YES;
				GCC_WARN_UNINITIALIZED_AUTOS = YES_AGGRESSIVE;
				GCC_WARN_UNUSED_FUNCTION = YES;
				GCC_WARN_UNUSED_VARIABLE = YES;
				IPHONEOS_DEPLOYMENT_TARGET = 10.2;
				MTL_ENABLE_DEBUG_INFO = NO;
				SDKROOT = iphoneos;
				SWIFT_OPTIMIZATION_LEVEL = "-Owholemodule";
				TARGETED_DEVICE_FAMILY = "1,2";
				VALIDATE_PRODUCT = YES;
			};
			name = Release;
		};
		50F1DEBE1E687C0E00B59D4B /* Debug */ = {
			isa = XCBuildConfiguration;
			buildSettings = {
				ALWAYS_EMBED_SWIFT_STANDARD_LIBRARIES = NO;
				ASSETCATALOG_COMPILER_APPICON_NAME = AppIcon;
				CLANG_ENABLE_MODULES = YES;
				CODE_SIGN_IDENTITY = "iPhone Developer";
				CODE_SIGN_STYLE = Automatic;
				DEVELOPMENT_TEAM = U8XV9XDER7;
				ENABLE_BITCODE = NO;
				FRAMEWORK_SEARCH_PATHS = (
					"$(inherited)",
					"$(PROJECT_DIR)/DnaSample",
					"$(PROJECT_DIR)/DnaSample/Carthage/Build/iOS",
				);
				INFOPLIST_FILE = "$(SRCROOT)/DnaSample/Info.plist";
				IPHONEOS_DEPLOYMENT_TARGET = 9.3;
				LD_RUNPATH_SEARCH_PATHS = "$(inherited) @executable_path/Frameworks";
				PRODUCT_BUNDLE_IDENTIFIER = io.streamroot.SwiftDemo;
				PRODUCT_NAME = "$(TARGET_NAME)";
				PROVISIONING_PROFILE_SPECIFIER = "";
				SWIFT_OBJC_BRIDGING_HEADER = "DnaSample/DnaSample-Bridging-Header.h";
				SWIFT_OPTIMIZATION_LEVEL = "-Onone";
				SWIFT_SWIFT3_OBJC_INFERENCE = Default;
				SWIFT_VERSION = 4.0;
			};
			name = Debug;
		};
		50F1DEBF1E687C0E00B59D4B /* Release */ = {
			isa = XCBuildConfiguration;
			buildSettings = {
				ALWAYS_EMBED_SWIFT_STANDARD_LIBRARIES = NO;
				ASSETCATALOG_COMPILER_APPICON_NAME = AppIcon;
				CLANG_ENABLE_MODULES = YES;
				CODE_SIGN_IDENTITY = "iPhone Developer";
				CODE_SIGN_STYLE = Automatic;
				DEVELOPMENT_TEAM = U8XV9XDER7;
				ENABLE_BITCODE = NO;
				FRAMEWORK_SEARCH_PATHS = (
					"$(inherited)",
					"$(PROJECT_DIR)/DnaSample",
					"$(PROJECT_DIR)/DnaSample/Carthage/Build/iOS",
				);
				INFOPLIST_FILE = "$(SRCROOT)/DnaSample/Info.plist";
				IPHONEOS_DEPLOYMENT_TARGET = 9.3;
				LD_RUNPATH_SEARCH_PATHS = "$(inherited) @executable_path/Frameworks";
				PRODUCT_BUNDLE_IDENTIFIER = io.streamroot.SwiftDemo;
				PRODUCT_NAME = "$(TARGET_NAME)";
				PROVISIONING_PROFILE_SPECIFIER = "";
				SWIFT_OBJC_BRIDGING_HEADER = "DnaSample/DnaSample-Bridging-Header.h";
				SWIFT_SWIFT3_OBJC_INFERENCE = Default;
				SWIFT_VERSION = 4.0;
			};
			name = Release;
		};
		D61171F4209B3FAD00CBE36B /* Debug */ = {
			isa = XCBuildConfiguration;
			buildSettings = {
				ASSETCATALOG_COMPILER_APPICON_NAME = "App Icon & Top Shelf Image";
				ASSETCATALOG_COMPILER_LAUNCHIMAGE_NAME = LaunchImage;
				CLANG_ANALYZER_NUMBER_OBJECT_CONVERSION = YES_AGGRESSIVE;
				CLANG_CXX_LANGUAGE_STANDARD = "gnu++14";
				CLANG_ENABLE_OBJC_WEAK = YES;
				CLANG_WARN_UNGUARDED_AVAILABILITY = YES_AGGRESSIVE;
				CODE_SIGN_STYLE = Automatic;
				FRAMEWORK_SEARCH_PATHS = (
					"$(inherited)",
					"$(PROJECT_DIR)/DnaSample/Carthage/Build/tvOS",
				);
				GCC_C_LANGUAGE_STANDARD = gnu11;
				INFOPLIST_FILE = "DnaSample-tvOS/Info.plist";
				LD_RUNPATH_SEARCH_PATHS = "$(inherited) @executable_path/Frameworks";
				PRODUCT_BUNDLE_IDENTIFIER = "io.streamroot.DnaSample-tvOS";
				PRODUCT_NAME = "$(TARGET_NAME)";
				SDKROOT = appletvos;
				SWIFT_VERSION = 4.0;
				TARGETED_DEVICE_FAMILY = 3;
				TVOS_DEPLOYMENT_TARGET = 10.2;
			};
			name = Debug;
		};
		D61171F5209B3FAD00CBE36B /* Release */ = {
			isa = XCBuildConfiguration;
			buildSettings = {
				ASSETCATALOG_COMPILER_APPICON_NAME = "App Icon & Top Shelf Image";
				ASSETCATALOG_COMPILER_LAUNCHIMAGE_NAME = LaunchImage;
				CLANG_ANALYZER_NUMBER_OBJECT_CONVERSION = YES_AGGRESSIVE;
				CLANG_CXX_LANGUAGE_STANDARD = "gnu++14";
				CLANG_ENABLE_OBJC_WEAK = YES;
				CLANG_WARN_UNGUARDED_AVAILABILITY = YES_AGGRESSIVE;
				CODE_SIGN_STYLE = Automatic;
				FRAMEWORK_SEARCH_PATHS = (
					"$(inherited)",
					"$(PROJECT_DIR)/DnaSample/Carthage/Build/tvOS",
				);
				GCC_C_LANGUAGE_STANDARD = gnu11;
				INFOPLIST_FILE = "DnaSample-tvOS/Info.plist";
				LD_RUNPATH_SEARCH_PATHS = "$(inherited) @executable_path/Frameworks";
				PRODUCT_BUNDLE_IDENTIFIER = "io.streamroot.DnaSample-tvOS";
				PRODUCT_NAME = "$(TARGET_NAME)";
				SDKROOT = appletvos;
				SWIFT_VERSION = 4.0;
				TARGETED_DEVICE_FAMILY = 3;
				TVOS_DEPLOYMENT_TARGET = 10.2;
			};
			name = Release;
		};
/* End XCBuildConfiguration section */

/* Begin XCConfigurationList section */
		50F1DEA61E687C0E00B59D4B /* Build configuration list for PBXProject "DnaSample" */ = {
			isa = XCConfigurationList;
			buildConfigurations = (
				50F1DEBB1E687C0E00B59D4B /* Debug */,
				50F1DEBC1E687C0E00B59D4B /* Release */,
			);
			defaultConfigurationIsVisible = 0;
			defaultConfigurationName = Release;
		};
		50F1DEBD1E687C0E00B59D4B /* Build configuration list for PBXNativeTarget "DnaSample-iOS" */ = {
			isa = XCConfigurationList;
			buildConfigurations = (
				50F1DEBE1E687C0E00B59D4B /* Debug */,
				50F1DEBF1E687C0E00B59D4B /* Release */,
			);
			defaultConfigurationIsVisible = 0;
			defaultConfigurationName = Release;
		};
		D61171F6209B3FAD00CBE36B /* Build configuration list for PBXNativeTarget "DnaSample-tvOS" */ = {
			isa = XCConfigurationList;
			buildConfigurations = (
				D61171F4209B3FAD00CBE36B /* Debug */,
				D61171F5209B3FAD00CBE36B /* Release */,
			);
			defaultConfigurationIsVisible = 0;
			defaultConfigurationName = Release;
		};
/* End XCConfigurationList section */
	};
	rootObject = 50F1DEA31E687C0E00B59D4B /* Project object */;
}
